
Microsoft Visual Studio Solution File, Format Version 12.00
# Visual Studio Version 17
VisualStudioVersion = 17.14.36518.9 d17.14
MinimumVisualStudioVersion = 10.0.40219.1
Project("{FAE04EC0-301F-11D3-BF4B-00C04F79EFBC}") = "Mango.JsonColor", "Mango.JsonColor.csproj", "{BDA432C3-CC01-45BF-A0A8-8AB1CD4FB6A6}"
EndProject
Project("{FAE04EC0-301F-11D3-BF4B-00C04F79EFBC}") = "StructureMangoOrderFile.NetFrameworkColor", "StructureMangoOrderFileColor\StructureMangoOrderFile.NetFrameworkColor.csproj", "{9E2DE4DC-7619-47AF-8B7B-8C91E7FA6325}"
EndProject
Project("{FAE04EC0-301F-11D3-BF4B-00C04F79EFBC}") = "Service.Contracts-NET461", "..\..\Service.Contracts\Service.Contracts-NET461.csproj", "{B0C41671-F480-4E3F-90BD-237C7561F8F2}"
EndProject
Global
	GlobalSection(SolutionConfigurationPlatforms) = preSolution
		Debug|Any CPU = Debug|Any CPU
		Release|Any CPU = Release|Any CPU
	EndGlobalSection
	GlobalSection(ProjectConfigurationPlatforms) = postSolution
		{BDA432C3-CC01-45BF-A0A8-8AB1CD4FB6A6}.Debug|Any CPU.ActiveCfg = Debug|Any CPU
		{BDA432C3-CC01-45BF-A0A8-8AB1CD4FB6A6}.Debug|Any CPU.Build.0 = Debug|Any CPU
		{BDA432C3-CC01-45BF-A0A8-8AB1CD4FB6A6}.Release|Any CPU.ActiveCfg = Release|Any CPU
		{BDA432C3-CC01-45BF-A0A8-8AB1CD4FB6A6}.Release|Any CPU.Build.0 = Release|Any CPU
		{9E2DE4DC-7619-47AF-8B7B-8C91E7FA6325}.Debug|Any CPU.ActiveCfg = Debug|Any CPU
		{9E2DE4DC-7619-47AF-8B7B-8C91E7FA6325}.Debug|Any CPU.Build.0 = Debug|Any CPU
		{9E2DE4DC-7619-47AF-8B7B-8C91E7FA6325}.Release|Any CPU.ActiveCfg = Release|Any CPU
		{9E2DE4DC-7619-47AF-8B7B-8C91E7FA6325}.Release|Any CPU.Build.0 = Release|Any CPU
		{B0C41671-F480-4E3F-90BD-237C7561F8F2}.Debug|Any CPU.ActiveCfg = Debug|Any CPU
		{B0C41671-F480-4E3F-90BD-237C7561F8F2}.Debug|Any CPU.Build.0 = Debug|Any CPU
		{B0C41671-F480-4E3F-90BD-237C7561F8F2}.Release|Any CPU.ActiveCfg = Release|Any CPU
		{B0C41671-F480-4E3F-90BD-237C7561F8F2}.Release|Any CPU.Build.0 = Release|Any CPU
	EndGlobalSection
	GlobalSection(SolutionProperties) = preSolution
		HideSolutionNode = FALSE
	EndGlobalSection
	GlobalSection(ExtensibilityGlobals) = postSolution
		SolutionGuid = {061EA9A5-0011-4E9F-BAED-7B24EE14BE25}
	EndGlobalSection
EndGlobal
